
Microsoft Visual Studio Solution File, Format Version 12.00
# Visual Studio Version 16
VisualStudioVersion = 16.0.29728.190
MinimumVisualStudioVersion = 10.0.40219.1
Project("{FAE04EC0-301F-11D3-BF4B-00C04F79EFBC}") = "CreateAppointment", "CreateAppointment\CreateAppointment.csproj", "{739A50A6-9C44-4161-B919-BBC43B7B3127}"
EndProject
Global
	GlobalSection(SolutionConfigurationPlatforms) = preSolution
		Debug|Any CPU = Debug|Any CPU
		Release|Any CPU = Release|Any CPU
	EndGlobalSection
	GlobalSection(ProjectConfigurationPlatforms) = postSolution
		{739A50A6-9C44-4161-B919-BBC43B7B3127}.Debug|Any CPU.ActiveCfg = Debug|Any CPU
		{739A50A6-9C44-4161-B919-BBC43B7B3127}.Debug|Any CPU.Build.0 = Debug|Any CPU
		{739A50A6-9C44-4161-B919-BBC43B7B3127}.Release|Any CPU.ActiveCfg = Release|Any CPU
		{739A50A6-9C44-4161-B919-BBC43B7B3127}.Release|Any CPU.Build.0 = Release|Any CPU
	EndGlobalSection
	GlobalSection(SolutionProperties) = preSolution
		HideSolutionNode = FALSE
	EndGlobalSection
	GlobalSection(ExtensibilityGlobals) = postSolution
		SolutionGuid = {194F9C14-D5A4-40E1-82EA-43E96757E202}
	EndGlobalSection
EndGlobal
